
Microsoft Visual Studio Solution File, Format Version 12.00
# Visual Studio Version 17
VisualStudioVersion = 17.5.002.0
MinimumVisualStudioVersion = 10.0.40219.1
Project("{9A19103F-16F7-4668-BE54-9A1E7A4F7556}") = "FindMedianSortedArrays", "FindMedianSortedArrays\FindMedianSortedArrays.csproj", "{C0437EE4-BC7F-4DBF-BC45-9448F707A629}"
EndProject
Global
	GlobalSection(SolutionConfigurationPlatforms) = preSolution
		Debug|Any CPU = Debug|Any CPU
		Release|Any CPU = Release|Any CPU
	EndGlobalSection
	GlobalSection(ProjectConfigurationPlatforms) = postSolution
		{C0437EE4-BC7F-4DBF-BC45-9448F707A629}.Debug|Any CPU.ActiveCfg = Debug|Any CPU
		{C0437EE4-BC7F-4DBF-BC45-9448F707A629}.Debug|Any CPU.Build.0 = Debug|Any CPU
		{C0437EE4-BC7F-4DBF-BC45-9448F707A629}.Release|Any CPU.ActiveCfg = Release|Any CPU
		{C0437EE4-BC7F-4DBF-BC45-9448F707A629}.Release|Any CPU.Build.0 = Release|Any CPU
	EndGlobalSection
	GlobalSection(SolutionProperties) = preSolution
		HideSolutionNode = FALSE
	EndGlobalSection
	GlobalSection(ExtensibilityGlobals) = postSolution
		SolutionGuid = {D29BF736-F53B-4C11-B892-C7BA95E031C5}
	EndGlobalSection
EndGlobal
